
Microsoft Visual Studio Solution File, Format Version 12.00
# Visual Studio 15
VisualStudioVersion = 15.0.26124.0
MinimumVisualStudioVersion = 15.0.26124.0
Project("{2150E333-8FDC-42A3-9474-1A3956D46DE8}") = "src", "src", "{F3C075C8-536B-451D-8D59-F63F1752DE9F}"
EndProject
Project("{FAE04EC0-301F-11D3-BF4B-00C04F79EFBC}") = "StartPage", "src\StartPage\StartPage.csproj", "{5EE2A5C9-F97B-47FB-B6FF-4A68F6581A06}"
EndProject
Project("{2150E333-8FDC-42A3-9474-1A3956D46DE8}") = "tests", "tests", "{80B1C07A-902F-420E-9431-444B8E10E697}"
EndProject
Project("{FAE04EC0-301F-11D3-BF4B-00C04F79EFBC}") = "StartPage.Tests", "tests\StartPage.Tests\StartPage.Tests.csproj", "{376A58CE-5CBB-46EB-AA2A-0F602D4CBF51}"
EndProject
Global
	GlobalSection(SolutionConfigurationPlatforms) = preSolution
		Debug|Any CPU = Debug|Any CPU
		Debug|x64 = Debug|x64
		Debug|x86 = Debug|x86
		Release|Any CPU = Release|Any CPU
		Release|x64 = Release|x64
		Release|x86 = Release|x86
	EndGlobalSection
	GlobalSection(SolutionProperties) = preSolution
		HideSolutionNode = FALSE
	EndGlobalSection
	GlobalSection(ProjectConfigurationPlatforms) = postSolution
		{5EE2A5C9-F97B-47FB-B6FF-4A68F6581A06}.Debug|Any CPU.ActiveCfg = Debug|Any CPU
		{5EE2A5C9-F97B-47FB-B6FF-4A68F6581A06}.Debug|Any CPU.Build.0 = Debug|Any CPU
		{5EE2A5C9-F97B-47FB-B6FF-4A68F6581A06}.Debug|x64.ActiveCfg = Debug|Any CPU
		{5EE2A5C9-F97B-47FB-B6FF-4A68F6581A06}.Debug|x64.Build.0 = Debug|Any CPU
		{5EE2A5C9-F97B-47FB-B6FF-4A68F6581A06}.Debug|x86.ActiveCfg = Debug|Any CPU
		{5EE2A5C9-F97B-47FB-B6FF-4A68F6581A06}.Debug|x86.Build.0 = Debug|Any CPU
		{5EE2A5C9-F97B-47FB-B6FF-4A68F6581A06}.Release|Any CPU.ActiveCfg = Release|Any CPU
		{5EE2A5C9-F97B-47FB-B6FF-4A68F6581A06}.Release|Any CPU.Build.0 = Release|Any CPU
		{5EE2A5C9-F97B-47FB-B6FF-4A68F6581A06}.Release|x64.ActiveCfg = Release|Any CPU
		{5EE2A5C9-F97B-47FB-B6FF-4A68F6581A06}.Release|x64.Build.0 = Release|Any CPU
		{5EE2A5C9-F97B-47FB-B6FF-4A68F6581A06}.Release|x86.ActiveCfg = Release|Any CPU
		{5EE2A5C9-F97B-47FB-B6FF-4A68F6581A06}.Release|x86.Build.0 = Release|Any CPU
		{376A58CE-5CBB-46EB-AA2A-0F602D4CBF51}.Debug|Any CPU.ActiveCfg = Debug|Any CPU
		{376A58CE-5CBB-46EB-AA2A-0F602D4CBF51}.Debug|Any CPU.Build.0 = Debug|Any CPU
		{376A58CE-5CBB-46EB-AA2A-0F602D4CBF51}.Debug|x64.ActiveCfg = Debug|Any CPU
		{376A58CE-5CBB-46EB-AA2A-0F602D4CBF51}.Debug|x64.Build.0 = Debug|Any CPU
		{376A58CE-5CBB-46EB-AA2A-0F602D4CBF51}.Debug|x86.ActiveCfg = Debug|Any CPU
		{376A58CE-5CBB-46EB-AA2A-0F602D4CBF51}.Debug|x86.Build.0 = Debug|Any CPU
		{376A58CE-5CBB-46EB-AA2A-0F602D4CBF51}.Release|Any CPU.ActiveCfg = Release|Any CPU
		{376A58CE-5CBB-46EB-AA2A-0F602D4CBF51}.Release|Any CPU.Build.0 = Release|Any CPU
		{376A58CE-5CBB-46EB-AA2A-0F602D4CBF51}.Release|x64.ActiveCfg = Release|Any CPU
		{376A58CE-5CBB-46EB-AA2A-0F602D4CBF51}.Release|x64.Build.0 = Release|Any CPU
		{376A58CE-5CBB-46EB-AA2A-0F602D4CBF51}.Release|x86.ActiveCfg = Release|Any CPU
		{376A58CE-5CBB-46EB-AA2A-0F602D4CBF51}.Release|x86.Build.0 = Release|Any CPU
	EndGlobalSection
	GlobalSection(NestedProjects) = preSolution
		{5EE2A5C9-F97B-47FB-B6FF-4A68F6581A06} = {F3C075C8-536B-451D-8D59-F63F1752DE9F}
		{376A58CE-5CBB-46EB-AA2A-0F602D4CBF51} = {80B1C07A-902F-420E-9431-444B8E10E697}
	EndGlobalSection
EndGlobal
